github.com/kakimnsnv/golang-kbtu/lectures/3/1 v0.0.0-20240919063233-826e2fdcee73 h1:u+uegpxeDX86ueeA6csR5pktr9k1n5oz/aOfeRvFWa8=
github.com/kakimnsnv/golang-kbtu/lectures/3/1 v0.0.0-20240919063233-826e2fdcee73/go.mod h1:v53GzxSpxXavLGVaofAPTe3qCtqtS44HdEOWsKsJhHo=
github.com/kakimnsnv/golang-kbtu/lectures/3/2 v0.0.0-20240919063233-826e2fdcee73 h1:oeM807UWrcyJ7k7Why4FtXDpvXIBoQJ1KuWw14VCq54=
github.com/kakimnsnv/golang-kbtu/lectures/3/2 v0.0.0-20240919063233-826e2fdcee73/go.mod h1:thm14Oton6As2rwK/H2wT0AdtuOC6sE2HYfOjAoCmr0=
